// !$*UTF8*$!
{
	archiveVersion = 1;
	classes = {
	};
	objectVersion = 46;
	objects = {

/* Begin PBXBuildFile section */
		16F966E51A28EEE2003371C5 /* main.m in Sources */ = {isa = PBXBuildFile; fileRef = 16F966E41A28EEE2003371C5 /* main.m */; };
		16F966E81A28EEE2003371C5 /* AppDelegate.m in Sources */ = {isa = PBXBuildFile; fileRef = 16F966E71A28EEE2003371C5 /* AppDelegate.m */; };
		16F966EB1A28EEE2003371C5 /* ViewController.m in Sources */ = {isa = PBXBuildFile; fileRef = 16F966EA1A28EEE2003371C5 /* ViewController.m */; };
		16F966EE1A28EEE2003371C5 /* Main.storyboard in Resources */ = {isa = PBXBuildFile; fileRef = 16F966EC1A28EEE2003371C5 /* Main.storyboard */; };
		16F966F01A28EEE2003371C5 /* Images.xcassets in Resources */ = {isa = PBXBuildFile; fileRef = 16F966EF1A28EEE2003371C5 /* Images.xcassets */; };
		16F966F31A28EEE2003371C5 /* LaunchScreen.xib in Resources */ = {isa = PBXBuildFile; fileRef = 16F966F11A28EEE2003371C5 /* LaunchScreen.xib */; };
		16F966FF1A28EEE2003371C5 /* SampleActionExtensionAppTests.m in Sources */ = {isa = PBXBuildFile; fileRef = 16F966FE1A28EEE2003371C5 /* SampleActionExtensionAppTests.m */; };
		16F967121A28F06F003371C5 /* ActionViewController.m in Sources */ = {isa = PBXBuildFile; fileRef = 16F967111A28F06F003371C5 /* ActionViewController.m */; };
		16F967141A28F06F003371C5 /* MainInterface.storyboard in Resources */ = {isa = PBXBuildFile; fileRef = 16F967131A28F06F003371C5 /* MainInterface.storyboard */; };
		16F967171A28F06F003371C5 /* ReadItAction.appex in Embed App Extensions */ = {isa = PBXBuildFile; fileRef = 16F9670C1A28F06F003371C5 /* ReadItAction.appex */; settings = {ATTRIBUTES = (RemoveHeadersOnCopy, ); }; };
		16F9671E1A291B3C003371C5 /* ActionSoundIcon.png in Resources */ = {isa = PBXBuildFile; fileRef = 16F9671D1A291B3C003371C5 /* ActionSoundIcon.png */; };
		16F967201A291BF5003371C5 /* Images.xcassets in Resources */ = {isa = PBXBuildFile; fileRef = 16F966EF1A28EEE2003371C5 /* Images.xcassets */; };
/* End PBXBuildFile section */

/* Begin PBXContainerItemProxy section */
		16F966F91A28EEE2003371C5 /* PBXContainerItemProxy */ = {
			isa = PBXContainerItemProxy;
			containerPortal = 16F966D71A28EEE2003371C5 /* Project object */;
			proxyType = 1;
			remoteGlobalIDString = 16F966DE1A28EEE2003371C5;
			remoteInfo = SampleActionExtensionApp;
		};
		16F967151A28F06F003371C5 /* PBXContainerItemProxy */ = {
			isa = PBXContainerItemProxy;
			containerPortal = 16F966D71A28EEE2003371C5 /* Project object */;
			proxyType = 1;
			remoteGlobalIDString = 16F9670B1A28F06F003371C5;
			remoteInfo = ReadItAction;
		};
/* End PBXContainerItemProxy section */

/* Begin PBXCopyFilesBuildPhase section */
		16F9671B1A28F06F003371C5 /* Embed App Extensions */ = {
			isa = PBXCopyFilesBuildPhase;
			buildActionMask = 2147483647;
			dstPath = "";
			dstSubfolderSpec = 13;
			files = (
				16F967171A28F06F003371C5 /* ReadItAction.appex in Embed App Extensions */,
			);
			name = "Embed App Extensions";
			runOnlyForDeploymentPostprocessing = 0;
		};
/* End PBXCopyFilesBuildPhase section */

/* Begin PBXFileReference section */
		16F966DF1A28EEE2003371C5 /* SampleActionExtensionApp.app */ = {isa = PBXFileReference; explicitFileType = wrapper.application; includeInIndex = 0; path = SampleActionExtensionApp.app; sourceTree = BUILT_PRODUCTS_DIR; };
		16F966E31A28EEE2003371C5 /* Info.plist */ = {isa = PBXFileReference; lastKnownFileType = text.plist.xml; path = Info.plist; sourceTree = "<group>"; };
		16F966E41A28EEE2003371C5 /* main.m */ = {isa = PBXFileReference; lastKnownFileType = sourcecode.c.objc; path = main.m; sourceTree = "<group>"; };
		16F966E61A28EEE2003371C5 /* AppDelegate.h */ = {isa = PBXFileReference; lastKnownFileType = sourcecode.c.h; path = AppDelegate.h; sourceTree = "<group>"; };
		16F966E71A28EEE2003371C5 /* AppDelegate.m */ = {isa = PBXFileReference; lastKnownFileType = sourcecode.c.objc; path = AppDelegate.m; sourceTree = "<group>"; };
		16F966E91A28EEE2003371C5 /* ViewController.h */ = {isa = PBXFileReference; lastKnownFileType = sourcecode.c.h; path = ViewController.h; sourceTree = "<group>"; };
		16F966EA1A28EEE2003371C5 /* ViewController.m */ = {isa = PBXFileReference; lastKnownFileType = sourcecode.c.objc; path = ViewController.m; sourceTree = "<group>"; };
		16F966ED1A28EEE2003371C5 /* Base */ = {isa = PBXFileReference; lastKnownFileType = file.storyboard; name = Base; path = Base.lproj/Main.storyboard; sourceTree = "<group>"; };
		16F966EF1A28EEE2003371C5 /* Images.xcassets */ = {isa = PBXFileReference; lastKnownFileType = folder.assetcatalog; path = Images.xcassets; sourceTree = "<group>"; };
		16F966F21A28EEE2003371C5 /* Base */ = {isa = PBXFileReference; lastKnownFileType = file.xib; name = Base; path = Base.lproj/LaunchScreen.xib; sourceTree = "<group>"; };
		16F966F81A28EEE2003371C5 /* SampleActionExtensionAppTests.xctest */ = {isa = PBXFileReference; explicitFileType = wrapper.cfbundle; includeInIndex = 0; path = SampleActionExtensionAppTests.xctest; sourceTree = BUILT_PRODUCTS_DIR; };
		16F966FD1A28EEE2003371C5 /* Info.plist */ = {isa = PBXFileReference; lastKnownFileType = text.plist.xml; path = Info.plist; sourceTree = "<group>"; };
		16F966FE1A28EEE2003371C5 /* SampleActionExtensionAppTests.m */ = {isa = PBXFileReference; lastKnownFileType = sourcecode.c.objc; path = SampleActionExtensionAppTests.m; sourceTree = "<group>"; };
		16F9670C1A28F06F003371C5 /* ReadItAction.appex */ = {isa = PBXFileReference; explicitFileType = "wrapper.app-extension"; includeInIndex = 0; path = ReadItAction.appex; sourceTree = BUILT_PRODUCTS_DIR; };
		16F9670F1A28F06F003371C5 /* Info.plist */ = {isa = PBXFileReference; lastKnownFileType = text.plist.xml; path = Info.plist; sourceTree = "<group>"; };
		16F967101A28F06F003371C5 /* ActionViewController.h */ = {isa = PBXFileReference; lastKnownFileType = sourcecode.c.h; path = ActionViewController.h; sourceTree = "<group>"; };
		16F967111A28F06F003371C5 /* ActionViewController.m */ = {isa = PBXFileReference; lastKnownFileType = sourcecode.c.objc; path = ActionViewController.m; sourceTree = "<group>"; };
		16F967131A28F06F003371C5 /* MainInterface.storyboard */ = {isa = PBXFileReference; lastKnownFileType = file.storyboard; path = MainInterface.storyboard; sourceTree = "<group>"; };
		16F9671D1A291B3C003371C5 /* ActionSoundIcon.png */ = {isa = PBXFileReference; lastKnownFileType = image.png; name = ActionSoundIcon.png; path = ../ActionSoundIcon.png; sourceTree = "<group>"; };
/* End PBXFileReference section */

/* Begin PBXFrameworksBuildPhase section */
		16F966DC1A28EEE2003371C5 /* Frameworks */ = {
			isa = PBXFrameworksBuildPhase;
			buildActionMask = 2147483647;
			files = (
			);
			runOnlyForDeploymentPostprocessing = 0;
		};
		16F966F51A28EEE2003371C5 /* Frameworks */ = {
			isa = PBXFrameworksBuildPhase;
			buildActionMask = 2147483647;
			files = (
			);
			runOnlyForDeploymentPostprocessing = 0;
		};
		16F967091A28F06F003371C5 /* Frameworks */ = {
			isa = PBXFrameworksBuildPhase;
			buildActionMask = 2147483647;
			files = (
			);
			runOnlyForDeploymentPostprocessing = 0;
		};
/* End PBXFrameworksBuildPhase section */

/* Begin PBXGroup section */
		16F966D61A28EEE2003371C5 = {
			isa = PBXGroup;
			children = (
				16F966E11A28EEE2003371C5 /* SampleActionExtensionApp */,
				16F966FB1A28EEE2003371C5 /* SampleActionExtensionAppTests */,
				16F9670D1A28F06F003371C5 /* ReadItAction */,
				16F9671C1A291B2C003371C5 /* Resources */,
				16F966E01A28EEE2003371C5 /* Products */,
			);
			sourceTree = "<group>";
		};
		16F966E01A28EEE2003371C5 /* Products */ = {
			isa = PBXGroup;
			children = (
				16F966DF1A28EEE2003371C5 /* SampleActionExtensionApp.app */,
				16F966F81A28EEE2003371C5 /* SampleActionExtensionAppTests.xctest */,
				16F9670C1A28F06F003371C5 /* ReadItAction.appex */,
			);
			name = Products;
			sourceTree = "<group>";
		};
		16F966E11A28EEE2003371C5 /* SampleActionExtensionApp */ = {
			isa = PBXGroup;
			children = (
				16F966E61A28EEE2003371C5 /* AppDelegate.h */,
				16F966E71A28EEE2003371C5 /* AppDelegate.m */,
				16F966E91A28EEE2003371C5 /* ViewController.h */,
				16F966EA1A28EEE2003371C5 /* ViewController.m */,
				16F966EC1A28EEE2003371C5 /* Main.storyboard */,
				16F966EF1A28EEE2003371C5 /* Images.xcassets */,
				16F966F11A28EEE2003371C5 /* LaunchScreen.xib */,
				16F966E21A28EEE2003371C5 /* Supporting Files */,
			);
			path = SampleActionExtensionApp;
			sourceTree = "<group>";
		};
		16F966E21A28EEE2003371C5 /* Supporting Files */ = {
			isa = PBXGroup;
			children = (
				16F966E31A28EEE2003371C5 /* Info.plist */,
				16F966E41A28EEE2003371C5 /* main.m */,
			);
			name = "Supporting Files";
			sourceTree = "<group>";
		};
		16F966FB1A28EEE2003371C5 /* SampleActionExtensionAppTests */ = {
			isa = PBXGroup;
			children = (
				16F966FE1A28EEE2003371C5 /* SampleActionExtensionAppTests.m */,
				16F966FC1A28EEE2003371C5 /* Supporting Files */,
			);
			path = SampleActionExtensionAppTests;
			sourceTree = "<group>";
		};
		16F966FC1A28EEE2003371C5 /* Supporting Files */ = {
			isa = PBXGroup;
			children = (
				16F966FD1A28EEE2003371C5 /* Info.plist */,
			);
			name = "Supporting Files";
			sourceTree = "<group>";
		};
		16F9670D1A28F06F003371C5 /* ReadItAction */ = {
			isa = PBXGroup;
			children = (
				16F967101A28F06F003371C5 /* ActionViewController.h */,
				16F967111A28F06F003371C5 /* ActionViewController.m */,
				16F967131A28F06F003371C5 /* MainInterface.storyboard */,
				16F9670E1A28F06F003371C5 /* Supporting Files */,
			);
			path = ReadItAction;
			sourceTree = "<group>";
		};
		16F9670E1A28F06F003371C5 /* Supporting Files */ = {
			isa = PBXGroup;
			children = (
				16F9670F1A28F06F003371C5 /* Info.plist */,
			);
			name = "Supporting Files";
			sourceTree = "<group>";
		};
		16F9671C1A291B2C003371C5 /* Resources */ = {
			isa = PBXGroup;
			children = (
				16F9671D1A291B3C003371C5 /* ActionSoundIcon.png */,
			);
			name = Resources;
			sourceTree = "<group>";
		};
/* End PBXGroup section */

/* Begin PBXNativeTarget section */
		16F966DE1A28EEE2003371C5 /* SampleActionExtensionApp */ = {
			isa = PBXNativeTarget;
			buildConfigurationList = 16F967021A28EEE2003371C5 /* Build configuration list for PBXNativeTarget "SampleActionExtensionApp" */;
			buildPhases = (
				16F966DB1A28EEE2003371C5 /* Sources */,
				16F966DC1A28EEE2003371C5 /* Frameworks */,
				16F966DD1A28EEE2003371C5 /* Resources */,
				16F9671B1A28F06F003371C5 /* Embed App Extensions */,
			);
			buildRules = (
			);
			dependencies = (
				16F967161A28F06F003371C5 /* PBXTargetDependency */,
			);
			name = SampleActionExtensionApp;
			productName = SampleActionExtensionApp;
			productReference = 16F966DF1A28EEE2003371C5 /* SampleActionExtensionApp.app */;
			productType = "com.apple.product-type.application";
		};
		16F966F71A28EEE2003371C5 /* SampleActionExtensionAppTests */ = {
			isa = PBXNativeTarget;
			buildConfigurationList = 16F967051A28EEE2003371C5 /* Build configuration list for PBXNativeTarget "SampleActionExtensionAppTests" */;
			buildPhases = (
				16F966F41A28EEE2003371C5 /* Sources */,
				16F966F51A28EEE2003371C5 /* Frameworks */,
				16F966F61A28EEE2003371C5 /* Resources */,
			);
			buildRules = (
			);
			dependencies = (
				16F966FA1A28EEE2003371C5 /* PBXTargetDependency */,
			);
			name = SampleActionExtensionAppTests;
			productName = SampleActionExtensionAppTests;
			productReference = 16F966F81A28EEE2003371C5 /* SampleActionExtensionAppTests.xctest */;
			productType = "com.apple.product-type.bundle.unit-test";
		};
		16F9670B1A28F06F003371C5 /* ReadItAction */ = {
			isa = PBXNativeTarget;
			buildConfigurationList = 16F967181A28F06F003371C5 /* Build configuration list for PBXNativeTarget "ReadItAction" */;
			buildPhases = (
				16F967081A28F06F003371C5 /* Sources */,
				16F967091A28F06F003371C5 /* Frameworks */,
				16F9670A1A28F06F003371C5 /* Resources */,
			);
			buildRules = (
			);
			dependencies = (
			);
			name = ReadItAction;
			productName = ReadItAction;
			productReference = 16F9670C1A28F06F003371C5 /* ReadItAction.appex */;
			productType = "com.apple.product-type.app-extension";
		};
/* End PBXNativeTarget section */

/* Begin PBXProject section */
		16F966D71A28EEE2003371C5 /* Project object */ = {
			isa = PBXProject;
			attributes = {
				LastUpgradeCheck = 0610;
				ORGANIZATIONNAME = Glimsoft;
				TargetAttributes = {
					16F966DE1A28EEE2003371C5 = {
						CreatedOnToolsVersion = 6.1;
					};
					16F966F71A28EEE2003371C5 = {
						CreatedOnToolsVersion = 6.1;
						TestTargetID = 16F966DE1A28EEE2003371C5;
					};
					16F9670B1A28F06F003371C5 = {
						CreatedOnToolsVersion = 6.1;
					};
				};
			};
			buildConfigurationList = 16F966DA1A28EEE2003371C5 /* Build configuration list for PBXProject "SampleActionExtensionApp" */;
			compatibilityVersion = "Xcode 3.2";
			developmentRegion = English;
			hasScannedForEncodings = 0;
			knownRegions = (
				en,
				Base,
			);
			mainGroup = 16F966D61A28EEE2003371C5;
			productRefGroup = 16F966E01A28EEE2003371C5 /* Products */;
			projectDirPath = "";
			projectRoot = "";
			targets = (
				16F966DE1A28EEE2003371C5 /* SampleActionExtensionApp */,
				16F966F71A28EEE2003371C5 /* SampleActionExtensionAppTests */,
				16F9670B1A28F06F003371C5 /* ReadItAction */,
			);
		};
/* End PBXProject section */

/* Begin PBXResourcesBuildPhase section */
		16F966DD1A28EEE2003371C5 /* Resources */ = {
			isa = PBXResourcesBuildPhase;
			buildActionMask = 2147483647;
			files = (
				16F966EE1A28EEE2003371C5 /* Main.storyboard in Resources */,
				16F966F31A28EEE2003371C5 /* LaunchScreen.xib in Resources */,
				16F9671E1A291B3C003371C5 /* ActionSoundIcon.png in Resources */,
				16F966F01A28EEE2003371C5 /* Images.xcassets in Resources */,
			);
			runOnlyForDeploymentPostprocessing = 0;
		};
		16F966F61A28EEE2003371C5 /* Resources */ = {
			isa = PBXResourcesBuildPhase;
			buildActionMask = 2147483647;
			files = (
			);
			runOnlyForDeploymentPostprocessing = 0;
		};
		16F9670A1A28F06F003371C5 /* Resources */ = {
			isa = PBXResourcesBuildPhase;
			buildActionMask = 2147483647;
			files = (
				16F967201A291BF5003371C5 /* Images.xcassets in Resources */,
				16F967141A28F06F003371C5 /* MainInterface.storyboard in Resources */,
			);
			runOnlyForDeploymentPostprocessing = 0;
		};
/* End PBXResourcesBuildPhase section */

/* Begin PBXSourcesBuildPhase section */
		16F966DB1A28EEE2003371C5 /* Sources */ = {
			isa = PBXSourcesBuildPhase;
			buildActionMask = 2147483647;
			files = (
				16F966EB1A28EEE2003371C5 /* ViewController.m in Sources */,
				16F966E81A28EEE2003371C5 /* AppDelegate.m in Sources */,
				16F966E51A28EEE2003371C5 /* main.m in Sources */,
			);
			runOnlyForDeploymentPostprocessing = 0;
		};
		16F966F41A28EEE2003371C5 /* Sources */ = {
			isa = PBXSourcesBuildPhase;
			buildActionMask = 2147483647;
			files = (
				16F966FF1A28EEE2003371C5 /* SampleActionExtensionAppTests.m in Sources */,
			);
			runOnlyForDeploymentPostprocessing = 0;
		};
		16F967081A28F06F003371C5 /* Sources */ = {
			isa = PBXSourcesBuildPhase;
			buildActionMask = 2147483647;
			files = (
				16F967121A28F06F003371C5 /* ActionViewController.m in Sources */,
			);
			runOnlyForDeploymentPostprocessing = 0;
		};
/* End PBXSourcesBuildPhase section */

/* Begin PBXTargetDependency section */
		16F966FA1A28EEE2003371C5 /* PBXTargetDependency */ = {
			isa = PBXTargetDependency;
			target = 16F966DE1A28EEE2003371C5 /* SampleActionExtensionApp */;
			targetProxy = 16F966F91A28EEE2003371C5 /* PBXContainerItemProxy */;
		};
		16F967161A28F06F003371C5 /* PBXTargetDependency */ = {
			isa = PBXTargetDependency;
			target = 16F9670B1A28F06F003371C5 /* ReadItAction */;
			targetProxy = 16F967151A28F06F003371C5 /* PBXContainerItemProxy */;
		};
/* End PBXTargetDependency section */

/* Begin PBXVariantGroup section */
		16F966EC1A28EEE2003371C5 /* Main.storyboard */ = {
			isa = PBXVariantGroup;
			children = (
				16F966ED1A28EEE2003371C5 /* Base */,
			);
			name = Main.storyboard;
			sourceTree = "<group>";
		};
		16F966F11A28EEE2003371C5 /* LaunchScreen.xib */ = {
			isa = PBXVariantGroup;
			children = (
				16F966F21A28EEE2003371C5 /* Base */,
			);
			name = LaunchScreen.xib;
			sourceTree = "<group>";
		};
/* End PBXVariantGroup section */

/* Begin XCBuildConfiguration section */
		16F967001A28EEE2003371C5 /* Debug */ = {
			isa = XCBuildConfiguration;
			buildSettings = {
				ALWAYS_SEARCH_USER_PATHS = NO;
				CLANG_CXX_LANGUAGE_STANDARD = "gnu++0x";
				CLANG_CXX_LIBRARY = "libc++";
				CLANG_ENABLE_MODULES = YES;
				CLANG_ENABLE_OBJC_ARC = YES;
				CLANG_WARN_BOOL_CONVERSION = YES;
				CLANG_WARN_CONSTANT_CONVERSION = YES;
				CLANG_WARN_DIRECT_OBJC_ISA_USAGE = YES_ERROR;
				CLANG_WARN_EMPTY_BODY = YES;
				CLANG_WARN_ENUM_CONVERSION = YES;
				CLANG_WARN_INT_CONVERSION = YES;
				CLANG_WARN_OBJC_ROOT_CLASS = YES_ERROR;
				CLANG_WARN_UNREACHABLE_CODE = YES;
				CLANG_WARN__DUPLICATE_METHOD_MATCH = YES;
				"CODE_SIGN_IDENTITY[sdk=iphoneos*]" = "iPhone Developer";
				COPY_PHASE_STRIP = NO;
				ENABLE_STRICT_OBJC_MSGSEND = YES;
				GCC_C_LANGUAGE_STANDARD = gnu99;
				GCC_DYNAMIC_NO_PIC = NO;
				GCC_OPTIMIZATION_LEVEL = 0;
				GCC_PREPROCESSOR_DEFINITIONS = (
					"DEBUG=1",
					"$(inherited)",
				);
				GCC_SYMBOLS_PRIVATE_EXTERN = NO;
				GCC_WARN_64_TO_32_BIT_CONVERSION = YES;
				GCC_WARN_ABOUT_RETURN_TYPE = YES_ERROR;
				GCC_WARN_UNDECLARED_SELECTOR = YES;
				GCC_WARN_UNINITIALIZED_AUTOS = YES_AGGRESSIVE;
				GCC_WARN_UNUSED_FUNCTION = YES;
				GCC_WARN_UNUSED_VARIABLE = YES;
				IPHONEOS_DEPLOYMENT_TARGET = 8.1;
				MTL_ENABLE_DEBUG_INFO = YES;
				ONLY_ACTIVE_ARCH = YES;
				SDKROOT = iphoneos;
			};
			name = Debug;
		};
		16F967011A28EEE2003371C5 /* Release */ = {
			isa = XCBuildConfiguration;
			buildSettings = {
				ALWAYS_SEARCH_USER_PATHS = NO;
				CLANG_CXX_LANGUAGE_STANDARD = "gnu++0x";
				CLANG_CXX_LIBRARY = "libc++";
				CLANG_ENABLE_MODULES = YES;
				CLANG_ENABLE_OBJC_ARC = YES;
				CLANG_WARN_BOOL_CONVERSION = YES;
				CLANG_WARN_CONSTANT_CONVERSION = YES;
				CLANG_WARN_DIRECT_OBJC_ISA_USAGE = YES_ERROR;
				CLANG_WARN_EMPTY_BODY = YES;
				CLANG_WARN_ENUM_CONVERSION = YES;
				CLANG_WARN_INT_CONVERSION = YES;
				CLANG_WARN_OBJC_ROOT_CLASS = YES_ERROR;
				CLANG_WARN_UNREACHABLE_CODE = YES;
				CLANG_WARN__DUPLICATE_METHOD_MATCH = YES;
				"CODE_SIGN_IDENTITY[sdk=iphoneos*]" = "iPhone Developer";
				COPY_PHASE_STRIP = YES;
				ENABLE_NS_ASSERTIONS = NO;
				ENABLE_STRICT_OBJC_MSGSEND = YES;
				GCC_C_LANGUAGE_STANDARD = gnu99;
				GCC_WARN_64_TO_32_BIT_CONVERSION = YES;
				GCC_WARN_ABOUT_RETURN_TYPE = YES_ERROR;
				GCC_WARN_UNDECLARED_SELECTOR = YES;
				GCC_WARN_UNINITIALIZED_AUTOS = YES_AGGRESSIVE;
				GCC_WARN_UNUSED_FUNCTION = YES;
				GCC_WARN_UNUSED_VARIABLE = YES;
				IPHONEOS_DEPLOYMENT_TARGET = 8.1;
				MTL_ENABLE_DEBUG_INFO = NO;
				SDKROOT = iphoneos;
				VALIDATE_PRODUCT = YES;
			};
			name = Release;
		};
		16F967031A28EEE2003371C5 /* Debug */ = {
			isa = XCBuildConfiguration;
			buildSettings = {
				ASSETCATALOG_COMPILER_APPICON_NAME = AppIcon;
				INFOPLIST_FILE = SampleActionExtensionApp/Info.plist;
				LD_RUNPATH_SEARCH_PATHS = "$(inherited) @executable_path/Frameworks";
				PRODUCT_NAME = "$(TARGET_NAME)";
			};
			name = Debug;
		};
		16F967041A28EEE2003371C5 /* Release */ = {
			isa = XCBuildConfiguration;
			buildSettings = {
				ASSETCATALOG_COMPILER_APPICON_NAME = AppIcon;
				INFOPLIST_FILE = SampleActionExtensionApp/Info.plist;
				LD_RUNPATH_SEARCH_PATHS = "$(inherited) @executable_path/Frameworks";
				PRODUCT_NAME = "$(TARGET_NAME)";
			};
			name = Release;
		};
		16F967061A28EEE2003371C5 /* Debug */ = {
			isa = XCBuildConfiguration;
			buildSettings = {
				BUNDLE_LOADER = "$(TEST_HOST)";
				FRAMEWORK_SEARCH_PATHS = (
					"$(SDKROOT)/Developer/Library/Frameworks",
					"$(inherited)",
				);
				GCC_PREPROCESSOR_DEFINITIONS = (
					"DEBUG=1",
					"$(inherited)",
				);
				INFOPLIST_FILE = SampleActionExtensionAppTests/Info.plist;
				LD_RUNPATH_SEARCH_PATHS = "$(inherited) @executable_path/Frameworks @loader_path/Frameworks";
				PRODUCT_NAME = "$(TARGET_NAME)";
				TEST_HOST = "$(BUILT_PRODUCTS_DIR)/SampleActionExtensionApp.app/SampleActionExtensionApp";
			};
			name = Debug;
		};
		16F967071A28EEE2003371C5 /* Release */ = {
			isa = XCBuildConfiguration;
			buildSettings = {
				BUNDLE_LOADER = "$(TEST_HOST)";
				FRAMEWORK_SEARCH_PATHS = (
					"$(SDKROOT)/Developer/Library/Frameworks",
					"$(inherited)",
				);
				INFOPLIST_FILE = SampleActionExtensionAppTests/Info.plist;
				LD_RUNPATH_SEARCH_PATHS = "$(inherited) @executable_path/Frameworks @loader_path/Frameworks";
				PRODUCT_NAME = "$(TARGET_NAME)";
				TEST_HOST = "$(BUILT_PRODUCTS_DIR)/SampleActionExtensionApp.app/SampleActionExtensionApp";
			};
			name = Release;
		};
		16F967191A28F06F003371C5 /* Debug */ = {
			isa = XCBuildConfiguration;
			buildSettings = {
				ASSETCATALOG_COMPILER_APPICON_NAME = AppIconExtension;
				GCC_PREPROCESSOR_DEFINITIONS = (
					"DEBUG=1",
					"$(inherited)",
				);
				INFOPLIST_FILE = ReadItAction/Info.plist;
				LD_RUNPATH_SEARCH_PATHS = "$(inherited) @executable_path/Frameworks @executable_path/../../Frameworks";
				PRODUCT_NAME = "$(TARGET_NAME)";
				SKIP_INSTALL = YES;
			};
			name = Debug;
		};
		16F9671A1A28F06F003371C5 /* Release */ = {
			isa = XCBuildConfiguration;
			buildSettings = {
				ASSETCATALOG_COMPILER_APPICON_NAME = AppIconExtension;
				INFOPLIST_FILE = ReadItAction/Info.plist;
				LD_RUNPATH_SEARCH_PATHS = "$(inherited) @executable_path/Frameworks @executable_path/../../Frameworks";
				PRODUCT_NAME = "$(TARGET_NAME)";
				SKIP_INSTALL = YES;
			};
			name = Release;
		};
/* End XCBuildConfiguration section */

/* Begin XCConfigurationList section */
		16F966DA1A28EEE2003371C5 /* Build configuration list for PBXProject "SampleActionExtensionApp" */ = {
			isa = XCConfigurationList;
			buildConfigurations = (
				16F967001A28EEE2003371C5 /* Debug */,
				16F967011A28EEE2003371C5 /* Release */,
			);
			defaultConfigurationIsVisible = 0;
			defaultConfigurationName = Release;
		};
		16F967021A28EEE2003371C5 /* Build configuration list for PBXNativeTarget "SampleActionExtensionApp" */ = {
			isa = XCConfigurationList;
			buildConfigurations = (
				16F967031A28EEE2003371C5 /* Debug */,
				16F967041A28EEE2003371C5 /* Release */,
			);
			defaultConfigurationIsVisible = 0;
			defaultConfigurationName = Release;
		};
		16F967051A28EEE2003371C5 /* Build configuration list for PBXNativeTarget "SampleActionExtensionAppTests" */ = {
			isa = XCConfigurationList;
			buildConfigurations = (
				16F967061A28EEE2003371C5 /* Debug */,
				16F967071A28EEE2003371C5 /* Release */,
			);
			defaultConfigurationIsVisible = 0;
			defaultConfigurationName = Release;
		};
		16F967181A28F06F003371C5 /* Build configuration list for PBXNativeTarget "ReadItAction" */ = {
			isa = XCConfigurationList;
			buildConfigurations = (
				16F967191A28F06F003371C5 /* Debug */,
				16F9671A1A28F06F003371C5 /* Release */,
			);
			defaultConfigurationIsVisible = 0;
			defaultConfigurationName = Release;
		};
/* End XCConfigurationList section */
	};
	rootObject = 16F966D71A28EEE2003371C5 /* Project object */;
}
